<?xml version="1.0" encoding="UTF-8" standalone="yes" ?>
<CodeBlocks_project_file>
	<FileVersion major="1" minor="6" />
	<Project>
		<Option title="squares" />
		<Option pch_mode="2" />
		<Option compiler="gcc" />
		<Option show_notes="0">
			<notes>
				<![CDATA[This project has been done under CodeBlocks 10:05
It is based on OpenCv revison 4873]]>
			</notes>
		</Option>
		<Build>
			<Target title="Debug">
				<Option output="bin/Debug/$(PROJECT_NAME)" prefix_auto="1" extension_auto="1" />
				<Option object_output="obj/Debug/" />
				<Option type="1" />
				<Option compiler="gcc" />
				<Option parameters='1.jpg 2.jpg 3.jpg 4.jpg 5.jpg 6.jpg 7.jpg 8.jpg &quot;Detected Rubik&apos;s Cube_screenshot_07.02.2012DSC00025S.png&quot; DSC00023.jpg DSC00023S.jpg DSC00024.jpg DSC00025cropped.jpg DSC00025cropped2.jpg DSC00025croppedBkg.jpg DSC00025S.jpg DSC00026S.jpg DSC00027.jpg DSC00028.jpg DSC00028S.jpg' />
				<Option projectLinkerOptionsRelation="1" />
				<Compiler>
					<Add option="-Weffc++" />
					<Add option="-g" />
					<Add option="-pipe" />
					<Add option="-mthreads" />
					<Add directory="C:/lib/opencv/build/include/" />
				</Compiler>
				<Linker>
					<Add library="C:\lib\opencv\build\mingw$(#winversion)\bin\libopencv_core$(#cvversion).dll" />
					<Add library="C:\lib\opencv\build\mingw$(#winversion)\bin\libopencv_highgui$(#cvversion).dll" />
					<Add library="C:\lib\opencv\build\mingw$(#winversion)\bin\libopencv_imgproc$(#cvversion).dll" />
					<Add library="C:\lib\opencv\build\mingw$(#winversion)\bin\libopencv_imgcodecs$(#cvversion).dll" />
					<Add library="C:\lib\opencv\build\mingw$(#winversion)\bin\libopencv_calib3d$(#cvversion).dll" />
				</Linker>
			</Target>
			<Target title="Release">
				<Option output="bin/Release/test-opencv" prefix_auto="1" extension_auto="1" />
				<Option object_output="obj/Release/" />
				<Option type="1" />
				<Option compiler="gcc" />
				<Option parameters="pic6.png" />
				<Compiler>
					<Add option="-O2" />
				</Compiler>
				<Linker>
					<Add option="-s" />
				</Linker>
			</Target>
		</Build>
		<Compiler>
			<Add option="-Wall" />
			<Add option="-fexceptions" />
		</Compiler>
		<Linker>
			<Add library="C:\lib\opencv\build\mingw$(#winversion)\bin\libopencv_core$(#cvversion).dll" />
			<Add library="C:\lib\opencv\build\mingw$(#winversion)\bin\libopencv_highgui$(#cvversion).dll" />
			<Add library="C:\lib\opencv\build\mingw$(#winversion)\bin\libopencv_imgproc$(#cvversion).dll" />
			<Add library="C:\lib\opencv\build\mingw$(#winversion)\bin\libopencv_imgcodecs$(#cvversion).dll" />
		</Linker>
		<Unit filename="squares01.cpp" />
		<Extensions>
			<code_completion />
			<envvars />
			<debugger />
			<lib_finder disable_auto="1" />
		</Extensions>
	</Project>
</CodeBlocks_project_file>
